// !$*UTF8*$!
{
	archiveVersion = 1;
	classes = {
	};
	objectVersion = 55;
	objects = {

/* Begin PBXBuildFile section */
		EF318D8128E05610002D2C05 /* LibraryImageModel.swift in Sources */ = {isa = PBXBuildFile; fileRef = EF318D8028E05610002D2C05 /* LibraryImageModel.swift */; };
		EF3559EE28D08A8300A012C9 /* BookyApp.swift in Sources */ = {isa = PBXBuildFile; fileRef = EF3559ED28D08A8300A012C9 /* BookyApp.swift */; };
		EF3559F028D08A8300A012C9 /* ContentView.swift in Sources */ = {isa = PBXBuildFile; fileRef = EF3559EF28D08A8300A012C9 /* ContentView.swift */; };
		EF3559F228D08A8300A012C9 /* Assets.xcassets in Resources */ = {isa = PBXBuildFile; fileRef = EF3559F128D08A8300A012C9 /* Assets.xcassets */; };
		EF3559F528D08A8300A012C9 /* Preview Assets.xcassets in Resources */ = {isa = PBXBuildFile; fileRef = EF3559F428D08A8300A012C9 /* Preview Assets.xcassets */; };
		EF3559FC28D08ACC00A012C9 /* Library.swift in Sources */ = {isa = PBXBuildFile; fileRef = EF3559FB28D08ACC00A012C9 /* Library.swift */; };
		EF3559FE28D08B0800A012C9 /* BookModel.swift in Sources */ = {isa = PBXBuildFile; fileRef = EF3559FD28D08B0800A012C9 /* BookModel.swift */; };
		EF355A0028D08B2D00A012C9 /* PHPicker.swift in Sources */ = {isa = PBXBuildFile; fileRef = EF3559FF28D08B2D00A012C9 /* PHPicker.swift */; };
		EF355A0328D08C3C00A012C9 /* BookViews.swift in Sources */ = {isa = PBXBuildFile; fileRef = EF355A0228D08C3C00A012C9 /* BookViews.swift */; };
		EF355A0728D08C8200A012C9 /* DetailedView.swift in Sources */ = {isa = PBXBuildFile; fileRef = EF355A0628D08C8200A012C9 /* DetailedView.swift */; };
		EF355A0928D08C9F00A012C9 /* AddBookView.swift in Sources */ = {isa = PBXBuildFile; fileRef = EF355A0828D08C9F00A012C9 /* AddBookView.swift */; };
		EF355A0B28D08CC100A012C9 /* BookImageView.swift in Sources */ = {isa = PBXBuildFile; fileRef = EF355A0A28D08CC100A012C9 /* BookImageView.swift */; };
		EF5D1BCE28DEF0BD00D714C1 /* loadBook.json in Resources */ = {isa = PBXBuildFile; fileRef = EFEDDF0B28D9F5B600CB5C10 /* loadBook.json */; };
		EFEDDF0928D9DBC100CB5C10 /* DiskOps.swift in Sources */ = {isa = PBXBuildFile; fileRef = EFEDDF0828D9DBC100CB5C10 /* DiskOps.swift */; };
		EFEDDF0C28D9F5B600CB5C10 /* loadBook.json in Sources */ = {isa = PBXBuildFile; fileRef = EFEDDF0B28D9F5B600CB5C10 /* loadBook.json */; };
/* End PBXBuildFile section */

/* Begin PBXFileReference section */
		EF318D8028E05610002D2C05 /* LibraryImageModel.swift */ = {isa = PBXFileReference; lastKnownFileType = sourcecode.swift; path = LibraryImageModel.swift; sourceTree = "<group>"; };
		EF3559EA28D08A8300A012C9 /* Booky.app */ = {isa = PBXFileReference; explicitFileType = wrapper.application; includeInIndex = 0; path = Booky.app; sourceTree = BUILT_PRODUCTS_DIR; };
		EF3559ED28D08A8300A012C9 /* BookyApp.swift */ = {isa = PBXFileReference; lastKnownFileType = sourcecode.swift; path = BookyApp.swift; sourceTree = "<group>"; };
		EF3559EF28D08A8300A012C9 /* ContentView.swift */ = {isa = PBXFileReference; lastKnownFileType = sourcecode.swift; path = ContentView.swift; sourceTree = "<group>"; };
		EF3559F128D08A8300A012C9 /* Assets.xcassets */ = {isa = PBXFileReference; lastKnownFileType = folder.assetcatalog; path = Assets.xcassets; sourceTree = "<group>"; };
		EF3559F428D08A8300A012C9 /* Preview Assets.xcassets */ = {isa = PBXFileReference; lastKnownFileType = folder.assetcatalog; path = "Preview Assets.xcassets"; sourceTree = "<group>"; };
		EF3559FB28D08ACC00A012C9 /* Library.swift */ = {isa = PBXFileReference; lastKnownFileType = sourcecode.swift; path = Library.swift; sourceTree = "<group>"; };
		EF3559FD28D08B0800A012C9 /* BookModel.swift */ = {isa = PBXFileReference; lastKnownFileType = sourcecode.swift; path = BookModel.swift; sourceTree = "<group>"; };
		EF3559FF28D08B2D00A012C9 /* PHPicker.swift */ = {isa = PBXFileReference; lastKnownFileType = sourcecode.swift; path = PHPicker.swift; sourceTree = "<group>"; };
		EF355A0228D08C3C00A012C9 /* BookViews.swift */ = {isa = PBXFileReference; lastKnownFileType = sourcecode.swift; path = BookViews.swift; sourceTree = "<group>"; };
		EF355A0628D08C8200A012C9 /* DetailedView.swift */ = {isa = PBXFileReference; lastKnownFileType = sourcecode.swift; path = DetailedView.swift; sourceTree = "<group>"; };
		EF355A0828D08C9F00A012C9 /* AddBookView.swift */ = {isa = PBXFileReference; lastKnownFileType = sourcecode.swift; path = AddBookView.swift; sourceTree = "<group>"; };
		EF355A0A28D08CC100A012C9 /* BookImageView.swift */ = {isa = PBXFileReference; lastKnownFileType = sourcecode.swift; path = BookImageView.swift; sourceTree = "<group>"; };
		EFEDDF0828D9DBC100CB5C10 /* DiskOps.swift */ = {isa = PBXFileReference; lastKnownFileType = sourcecode.swift; path = DiskOps.swift; sourceTree = "<group>"; };
		EFEDDF0B28D9F5B600CB5C10 /* loadBook.json */ = {isa = PBXFileReference; lastKnownFileType = text.json; path = loadBook.json; sourceTree = "<group>"; };
/* End PBXFileReference section */

/* Begin PBXFrameworksBuildPhase section */
		EF3559E728D08A8300A012C9 /* Frameworks */ = {
			isa = PBXFrameworksBuildPhase;
			buildActionMask = 2147483647;
			files = (
			);
			runOnlyForDeploymentPostprocessing = 0;
		};
/* End PBXFrameworksBuildPhase section */

/* Begin PBXGroup section */
		EF3559E128D08A8300A012C9 = {
			isa = PBXGroup;
			children = (
				EF3559EC28D08A8300A012C9 /* Booky */,
				EF3559EB28D08A8300A012C9 /* Products */,
			);
			sourceTree = "<group>";
		};
		EF3559EB28D08A8300A012C9 /* Products */ = {
			isa = PBXGroup;
			children = (
				EF3559EA28D08A8300A012C9 /* Booky.app */,
			);
			name = Products;
			sourceTree = "<group>";
		};
		EF3559EC28D08A8300A012C9 /* Booky */ = {
			isa = PBXGroup;
			children = (
				EFEDDF0A28D9F50000CB5C10 /* Resources */,
				EF3559ED28D08A8300A012C9 /* BookyApp.swift */,
				EF355A0128D08B5300A012C9 /* Views */,
				EF3559F128D08A8300A012C9 /* Assets.xcassets */,
				EF3559F328D08A8300A012C9 /* Preview Content */,
				EFEDDF0728D9DB4C00CB5C10 /* Models */,
			);
			path = Booky;
			sourceTree = "<group>";
		};
		EF3559F328D08A8300A012C9 /* Preview Content */ = {
			isa = PBXGroup;
			children = (
				EF3559F428D08A8300A012C9 /* Preview Assets.xcassets */,
			);
			path = "Preview Content";
			sourceTree = "<group>";
		};
		EF355A0128D08B5300A012C9 /* Views */ = {
			isa = PBXGroup;
			children = (
				EF3559EF28D08A8300A012C9 /* ContentView.swift */,
				EF355A0228D08C3C00A012C9 /* BookViews.swift */,
				EF355A0628D08C8200A012C9 /* DetailedView.swift */,
				EF355A0828D08C9F00A012C9 /* AddBookView.swift */,
				EF355A0A28D08CC100A012C9 /* BookImageView.swift */,
			);
			path = Views;
			sourceTree = "<group>";
		};
		EFEDDF0728D9DB4C00CB5C10 /* Models */ = {
			isa = PBXGroup;
			children = (
				EF3559FB28D08ACC00A012C9 /* Library.swift */,
				EF3559FD28D08B0800A012C9 /* BookModel.swift */,
				EF3559FF28D08B2D00A012C9 /* PHPicker.swift */,
				EFEDDF0828D9DBC100CB5C10 /* DiskOps.swift */,
				EF318D8028E05610002D2C05 /* LibraryImageModel.swift */,
			);
			path = Models;
			sourceTree = "<group>";
		};
		EFEDDF0A28D9F50000CB5C10 /* Resources */ = {
			isa = PBXGroup;
			children = (
				EFEDDF0B28D9F5B600CB5C10 /* loadBook.json */,
			);
			path = Resources;
			sourceTree = "<group>";
		};
/* End PBXGroup section */

/* Begin PBXNativeTarget section */
		EF3559E928D08A8300A012C9 /* Booky */ = {
			isa = PBXNativeTarget;
			buildConfigurationList = EF3559F828D08A8300A012C9 /* Build configuration list for PBXNativeTarget "Booky" */;
			buildPhases = (
				EF3559E628D08A8300A012C9 /* Sources */,
				EF3559E728D08A8300A012C9 /* Frameworks */,
				EF3559E828D08A8300A012C9 /* Resources */,
			);
			buildRules = (
			);
			dependencies = (
			);
			name = Booky;
			productName = Booky;
			productReference = EF3559EA28D08A8300A012C9 /* Booky.app */;
			productType = "com.apple.product-type.application";
		};
/* End PBXNativeTarget section */

/* Begin PBXProject section */
		EF3559E228D08A8300A012C9 /* Project object */ = {
			isa = PBXProject;
			attributes = {
				BuildIndependentTargetsInParallel = 1;
				LastSwiftUpdateCheck = 1340;
				LastUpgradeCheck = 1340;
				TargetAttributes = {
					EF3559E928D08A8300A012C9 = {
						CreatedOnToolsVersion = 13.4.1;
					};
				};
			};
			buildConfigurationList = EF3559E528D08A8300A012C9 /* Build configuration list for PBXProject "Booky" */;
			compatibilityVersion = "Xcode 13.0";
			developmentRegion = en;
			hasScannedForEncodings = 0;
			knownRegions = (
				en,
				Base,
			);
			mainGroup = EF3559E128D08A8300A012C9;
			productRefGroup = EF3559EB28D08A8300A012C9 /* Products */;
			projectDirPath = "";
			projectRoot = "";
			targets = (
				EF3559E928D08A8300A012C9 /* Booky */,
			);
		};
/* End PBXProject section */

/* Begin PBXResourcesBuildPhase section */
		EF3559E828D08A8300A012C9 /* Resources */ = {
			isa = PBXResourcesBuildPhase;
			buildActionMask = 2147483647;
			files = (
				EF5D1BCE28DEF0BD00D714C1 /* loadBook.json in Resources */,
				EF3559F528D08A8300A012C9 /* Preview Assets.xcassets in Resources */,
				EF3559F228D08A8300A012C9 /* Assets.xcassets in Resources */,
			);
			runOnlyForDeploymentPostprocessing = 0;
		};
/* End PBXResourcesBuildPhase section */

/* Begin PBXSourcesBuildPhase section */
		EF3559E628D08A8300A012C9 /* Sources */ = {
			isa = PBXSourcesBuildPhase;
			buildActionMask = 2147483647;
			files = (
				EF3559F028D08A8300A012C9 /* ContentView.swift in Sources */,
				EFEDDF0928D9DBC100CB5C10 /* DiskOps.swift in Sources */,
				EF3559EE28D08A8300A012C9 /* BookyApp.swift in Sources */,
				EF3559FE28D08B0800A012C9 /* BookModel.swift in Sources */,
				EF355A0928D08C9F00A012C9 /* AddBookView.swift in Sources */,
				EF3559FC28D08ACC00A012C9 /* Library.swift in Sources */,
				EF355A0728D08C8200A012C9 /* DetailedView.swift in Sources */,
				EF318D8128E05610002D2C05 /* LibraryImageModel.swift in Sources */,
				EF355A0028D08B2D00A012C9 /* PHPicker.swift in Sources */,
				EFEDDF0C28D9F5B600CB5C10 /* loadBook.json in Sources */,
				EF355A0B28D08CC100A012C9 /* BookImageView.swift in Sources */,
				EF355A0328D08C3C00A012C9 /* BookViews.swift in Sources */,
			);
			runOnlyForDeploymentPostprocessing = 0;
		};
/* End PBXSourcesBuildPhase section */

/* Begin XCBuildConfiguration section */
		EF3559F628D08A8300A012C9 /* Debug */ = {
			isa = XCBuildConfiguration;
			buildSettings = {
				ALWAYS_SEARCH_USER_PATHS = NO;
				CLANG_ANALYZER_NONNULL = YES;
				CLANG_ANALYZER_NUMBER_OBJECT_CONVERSION = YES_AGGRESSIVE;
				CLANG_CXX_LANGUAGE_STANDARD = "gnu++17";
				CLANG_ENABLE_MODULES = YES;
				CLANG_ENABLE_OBJC_ARC = YES;
				CLANG_ENABLE_OBJC_WEAK = YES;
				CLANG_WARN_BLOCK_CAPTURE_AUTORELEASING = YES;
				CLANG_WARN_BOOL_CONVERSION = YES;
				CLANG_WARN_COMMA = YES;
				CLANG_WARN_CONSTANT_CONVERSION = YES;
				CLANG_WARN_DEPRECATED_OBJC_IMPLEMENTATIONS = YES;
				CLANG_WARN_DIRECT_OBJC_ISA_USAGE = YES_ERROR;
				CLANG_WARN_DOCUMENTATION_COMMENTS = YES;
				CLANG_WARN_EMPTY_BODY = YES;
				CLANG_WARN_ENUM_CONVERSION = YES;
				CLANG_WARN_INFINITE_RECURSION = YES;
				CLANG_WARN_INT_CONVERSION = YES;
				CLANG_WARN_NON_LITERAL_NULL_CONVERSION = YES;
				CLANG_WARN_OBJC_IMPLICIT_RETAIN_SELF = YES;
				CLANG_WARN_OBJC_LITERAL_CONVERSION = YES;
				CLANG_WARN_OBJC_ROOT_CLASS = YES_ERROR;
				CLANG_WARN_QUOTED_INCLUDE_IN_FRAMEWORK_HEADER = YES;
				CLANG_WARN_RANGE_LOOP_ANALYSIS = YES;
				CLANG_WARN_STRICT_PROTOTYPES = YES;
				CLANG_WARN_SUSPICIOUS_MOVE = YES;
				CLANG_WARN_UNGUARDED_AVAILABILITY = YES_AGGRESSIVE;
				CLANG_WARN_UNREACHABLE_CODE = YES;
				CLANG_WARN__DUPLICATE_METHOD_MATCH = YES;
				COPY_PHASE_STRIP = NO;
				DEBUG_INFORMATION_FORMAT = dwarf;
				ENABLE_STRICT_OBJC_MSGSEND = YES;
				ENABLE_TESTABILITY = YES;
				GCC_C_LANGUAGE_STANDARD = gnu11;
				GCC_DYNAMIC_NO_PIC = NO;
				GCC_NO_COMMON_BLOCKS = YES;
				GCC_OPTIMIZATION_LEVEL = 0;
				GCC_PREPROCESSOR_DEFINITIONS = (
					"DEBUG=1",
					"$(inherited)",
				);
				GCC_WARN_64_TO_32_BIT_CONVERSION = YES;
				GCC_WARN_ABOUT_RETURN_TYPE = YES_ERROR;
				GCC_WARN_UNDECLARED_SELECTOR = YES;
				GCC_WARN_UNINITIALIZED_AUTOS = YES_AGGRESSIVE;
				GCC_WARN_UNUSED_FUNCTION = YES;
				GCC_WARN_UNUSED_VARIABLE = YES;
				IPHONEOS_DEPLOYMENT_TARGET = 15.5;
				MTL_ENABLE_DEBUG_INFO = INCLUDE_SOURCE;
				MTL_FAST_MATH = YES;
				ONLY_ACTIVE_ARCH = YES;
				SDKROOT = iphoneos;
				SWIFT_ACTIVE_COMPILATION_CONDITIONS = DEBUG;
				SWIFT_OPTIMIZATION_LEVEL = "-Onone";
			};
			name = Debug;
		};
		EF3559F728D08A8300A012C9 /* Release */ = {
			isa = XCBuildConfiguration;
			buildSettings = {
				ALWAYS_SEARCH_USER_PATHS = NO;
				CLANG_ANALYZER_NONNULL = YES;
				CLANG_ANALYZER_NUMBER_OBJECT_CONVERSION = YES_AGGRESSIVE;
				CLANG_CXX_LANGUAGE_STANDARD = "gnu++17";
				CLANG_ENABLE_MODULES = YES;
				CLANG_ENABLE_OBJC_ARC = YES;
				CLANG_ENABLE_OBJC_WEAK = YES;
				CLANG_WARN_BLOCK_CAPTURE_AUTORELEASING = YES;
				CLANG_WARN_BOOL_CONVERSION = YES;
				CLANG_WARN_COMMA = YES;
				CLANG_WARN_CONSTANT_CONVERSION = YES;
				CLANG_WARN_DEPRECATED_OBJC_IMPLEMENTATIONS = YES;
				CLANG_WARN_DIRECT_OBJC_ISA_USAGE = YES_ERROR;
				CLANG_WARN_DOCUMENTATION_COMMENTS = YES;
				CLANG_WARN_EMPTY_BODY = YES;
				CLANG_WARN_ENUM_CONVERSION = YES;
				CLANG_WARN_INFINITE_RECURSION = YES;
				CLANG_WARN_INT_CONVERSION = YES;
				CLANG_WARN_NON_LITERAL_NULL_CONVERSION = YES;
				CLANG_WARN_OBJC_IMPLICIT_RETAIN_SELF = YES;
				CLANG_WARN_OBJC_LITERAL_CONVERSION = YES;
				CLANG_WARN_OBJC_ROOT_CLASS = YES_ERROR;
				CLANG_WARN_QUOTED_INCLUDE_IN_FRAMEWORK_HEADER = YES;
				CLANG_WARN_RANGE_LOOP_ANALYSIS = YES;
				CLANG_WARN_STRICT_PROTOTYPES = YES;
				CLANG_WARN_SUSPICIOUS_MOVE = YES;
				CLANG_WARN_UNGUARDED_AVAILABILITY = YES_AGGRESSIVE;
				CLANG_WARN_UNREACHABLE_CODE = YES;
				CLANG_WARN__DUPLICATE_METHOD_MATCH = YES;
				COPY_PHASE_STRIP = NO;
				DEBUG_INFORMATION_FORMAT = "dwarf-with-dsym";
				ENABLE_NS_ASSERTIONS = NO;
				ENABLE_STRICT_OBJC_MSGSEND = YES;
				GCC_C_LANGUAGE_STANDARD = gnu11;
				GCC_NO_COMMON_BLOCKS = YES;
				GCC_WARN_64_TO_32_BIT_CONVERSION = YES;
				GCC_WARN_ABOUT_RETURN_TYPE = YES_ERROR;
				GCC_WARN_UNDECLARED_SELECTOR = YES;
				GCC_WARN_UNINITIALIZED_AUTOS = YES_AGGRESSIVE;
				GCC_WARN_UNUSED_FUNCTION = YES;
				GCC_WARN_UNUSED_VARIABLE = YES;
				IPHONEOS_DEPLOYMENT_TARGET = 15.5;
				MTL_ENABLE_DEBUG_INFO = NO;
				MTL_FAST_MATH = YES;
				SDKROOT = iphoneos;
				SWIFT_COMPILATION_MODE = wholemodule;
				SWIFT_OPTIMIZATION_LEVEL = "-O";
				VALIDATE_PRODUCT = YES;
			};
			name = Release;
		};
		EF3559F928D08A8300A012C9 /* Debug */ = {
			isa = XCBuildConfiguration;
			buildSettings = {
				ASSETCATALOG_COMPILER_APPICON_NAME = AppIcon;
				ASSETCATALOG_COMPILER_GLOBAL_ACCENT_COLOR_NAME = AccentColor;
				CODE_SIGN_STYLE = Automatic;
				CURRENT_PROJECT_VERSION = 1;
				DEVELOPMENT_ASSET_PATHS = "\"Booky/Preview Content\"";
				DEVELOPMENT_TEAM = H4TST29A3U;
				ENABLE_PREVIEWS = YES;
				GENERATE_INFOPLIST_FILE = YES;
				INFOPLIST_KEY_UIApplicationSceneManifest_Generation = YES;
				INFOPLIST_KEY_UIApplicationSupportsIndirectInputEvents = YES;
				INFOPLIST_KEY_UILaunchScreen_Generation = YES;
				INFOPLIST_KEY_UISupportedInterfaceOrientations_iPad = "UIInterfaceOrientationPortrait UIInterfaceOrientationPortraitUpsideDown UIInterfaceOrientationLandscapeLeft UIInterfaceOrientationLandscapeRight";
				INFOPLIST_KEY_UISupportedInterfaceOrientations_iPhone = "UIInterfaceOrientationPortrait UIInterfaceOrientationLandscapeLeft UIInterfaceOrientationLandscapeRight";
				LD_RUNPATH_SEARCH_PATHS = (
					"$(inherited)",
					"@executable_path/Frameworks",
				);
				MARKETING_VERSION = 1.0;
				PRODUCT_BUNDLE_IDENTIFIER = Spyromilios.Booky;
				PRODUCT_NAME = "$(TARGET_NAME)";
				SWIFT_EMIT_LOC_STRINGS = YES;
				SWIFT_VERSION = 5.0;
				TARGETED_DEVICE_FAMILY = "1,2";
			};
			name = Debug;
		};
		EF3559FA28D08A8300A012C9 /* Release */ = {
			isa = XCBuildConfiguration;
			buildSettings = {
				ASSETCATALOG_COMPILER_APPICON_NAME = AppIcon;
				ASSETCATALOG_COMPILER_GLOBAL_ACCENT_COLOR_NAME = AccentColor;
				CODE_SIGN_STYLE = Automatic;
				CURRENT_PROJECT_VERSION = 1;
				DEVELOPMENT_ASSET_PATHS = "\"Booky/Preview Content\"";
				DEVELOPMENT_TEAM = H4TST29A3U;
				ENABLE_PREVIEWS = YES;
				GENERATE_INFOPLIST_FILE = YES;
				INFOPLIST_KEY_UIApplicationSceneManifest_Generation = YES;
				INFOPLIST_KEY_UIApplicationSupportsIndirectInputEvents = YES;
				INFOPLIST_KEY_UILaunchScreen_Generation = YES;
				INFOPLIST_KEY_UISupportedInterfaceOrientations_iPad = "UIInterfaceOrientationPortrait UIInterfaceOrientationPortraitUpsideDown UIInterfaceOrientationLandscapeLeft UIInterfaceOrientationLandscapeRight";
				INFOPLIST_KEY_UISupportedInterfaceOrientations_iPhone = "UIInterfaceOrientationPortrait UIInterfaceOrientationLandscapeLeft UIInterfaceOrientationLandscapeRight";
				LD_RUNPATH_SEARCH_PATHS = (
					"$(inherited)",
					"@executable_path/Frameworks",
				);
				MARKETING_VERSION = 1.0;
				PRODUCT_BUNDLE_IDENTIFIER = Spyromilios.Booky;
				PRODUCT_NAME = "$(TARGET_NAME)";
				SWIFT_EMIT_LOC_STRINGS = YES;
				SWIFT_VERSION = 5.0;
				TARGETED_DEVICE_FAMILY = "1,2";
			};
			name = Release;
		};
/* End XCBuildConfiguration section */

/* Begin XCConfigurationList section */
		EF3559E528D08A8300A012C9 /* Build configuration list for PBXProject "Booky" */ = {
			isa = XCConfigurationList;
			buildConfigurations = (
				EF3559F628D08A8300A012C9 /* Debug */,
				EF3559F728D08A8300A012C9 /* Release */,
			);
			defaultConfigurationIsVisible = 0;
			defaultConfigurationName = Release;
		};
		EF3559F828D08A8300A012C9 /* Build configuration list for PBXNativeTarget "Booky" */ = {
			isa = XCConfigurationList;
			buildConfigurations = (
				EF3559F928D08A8300A012C9 /* Debug */,
				EF3559FA28D08A8300A012C9 /* Release */,
			);
			defaultConfigurationIsVisible = 0;
			defaultConfigurationName = Release;
		};
/* End XCConfigurationList section */
	};
	rootObject = EF3559E228D08A8300A012C9 /* Project object */;
}
